// !$*UTF8*$!
{
	archiveVersion = 1;
	classes = {
	};
	objectVersion = 46;
	objects = {

/* Begin PBXBuildFile section */
		016D6C9D1EFD5155001E5045 /* SemiVoteViewController.swift in Sources */ = {isa = PBXBuildFile; fileRef = 016D6C9C1EFD5155001E5045 /* SemiVoteViewController.swift */; };
		01D55C121EFD369800BCFB8E /* AppDelegate.swift in Sources */ = {isa = PBXBuildFile; fileRef = 01D55C111EFD369800BCFB8E /* AppDelegate.swift */; };
		01D55C141EFD369800BCFB8E /* ViewController.swift in Sources */ = {isa = PBXBuildFile; fileRef = 01D55C131EFD369800BCFB8E /* ViewController.swift */; };
		01D55C171EFD369800BCFB8E /* Main.storyboard in Resources */ = {isa = PBXBuildFile; fileRef = 01D55C151EFD369800BCFB8E /* Main.storyboard */; };
		01D55C191EFD369800BCFB8E /* Assets.xcassets in Resources */ = {isa = PBXBuildFile; fileRef = 01D55C181EFD369800BCFB8E /* Assets.xcassets */; };
		01D55C1C1EFD369800BCFB8E /* LaunchScreen.storyboard in Resources */ = {isa = PBXBuildFile; fileRef = 01D55C1A1EFD369800BCFB8E /* LaunchScreen.storyboard */; };
		01D55C241EFD37F200BCFB8E /* vote.jpg in Resources */ = {isa = PBXBuildFile; fileRef = 01D55C231EFD37F200BCFB8E /* vote.jpg */; };
/* End PBXBuildFile section */

/* Begin PBXFileReference section */
		016D6C9C1EFD5155001E5045 /* SemiVoteViewController.swift */ = {isa = PBXFileReference; fileEncoding = 4; lastKnownFileType = sourcecode.swift; path = SemiVoteViewController.swift; sourceTree = "<group>"; };
		01D55C0E1EFD369800BCFB8E /* Electronic Voting.app */ = {isa = PBXFileReference; explicitFileType = wrapper.application; includeInIndex = 0; path = "Electronic Voting.app"; sourceTree = BUILT_PRODUCTS_DIR; };
		01D55C111EFD369800BCFB8E /* AppDelegate.swift */ = {isa = PBXFileReference; lastKnownFileType = sourcecode.swift; path = AppDelegate.swift; sourceTree = "<group>"; };
		01D55C131EFD369800BCFB8E /* ViewController.swift */ = {isa = PBXFileReference; lastKnownFileType = sourcecode.swift; path = ViewController.swift; sourceTree = "<group>"; };
		01D55C161EFD369800BCFB8E /* Base */ = {isa = PBXFileReference; lastKnownFileType = file.storyboard; name = Base; path = Base.lproj/Main.storyboard; sourceTree = "<group>"; };
		01D55C181EFD369800BCFB8E /* Assets.xcassets */ = {isa = PBXFileReference; lastKnownFileType = folder.assetcatalog; path = Assets.xcassets; sourceTree = "<group>"; };
		01D55C1B1EFD369800BCFB8E /* Base */ = {isa = PBXFileReference; lastKnownFileType = file.storyboard; name = Base; path = Base.lproj/LaunchScreen.storyboard; sourceTree = "<group>"; };
		01D55C1D1EFD369800BCFB8E /* Info.plist */ = {isa = PBXFileReference; lastKnownFileType = text.plist.xml; path = Info.plist; sourceTree = "<group>"; };
		01D55C231EFD37F200BCFB8E /* vote.jpg */ = {isa = PBXFileReference; lastKnownFileType = image.jpeg; path = vote.jpg; sourceTree = "<group>"; };
/* End PBXFileReference section */

/* Begin PBXFrameworksBuildPhase section */
		01D55C0B1EFD369800BCFB8E /* Frameworks */ = {
			isa = PBXFrameworksBuildPhase;
			buildActionMask = 2147483647;
			files = (
			);
			runOnlyForDeploymentPostprocessing = 0;
		};
/* End PBXFrameworksBuildPhase section */

/* Begin PBXGroup section */
		01D55C051EFD369800BCFB8E = {
			isa = PBXGroup;
			children = (
				01D55C101EFD369800BCFB8E /* Electronic Voting */,
				01D55C0F1EFD369800BCFB8E /* Products */,
			);
			sourceTree = "<group>";
		};
		01D55C0F1EFD369800BCFB8E /* Products */ = {
			isa = PBXGroup;
			children = (
				01D55C0E1EFD369800BCFB8E /* Electronic Voting.app */,
			);
			name = Products;
			sourceTree = "<group>";
		};
		01D55C101EFD369800BCFB8E /* Electronic Voting */ = {
			isa = PBXGroup;
			children = (
				01D55C231EFD37F200BCFB8E /* vote.jpg */,
				01D55C111EFD369800BCFB8E /* AppDelegate.swift */,
				01D55C131EFD369800BCFB8E /* ViewController.swift */,
				01D55C151EFD369800BCFB8E /* Main.storyboard */,
				01D55C181EFD369800BCFB8E /* Assets.xcassets */,
				01D55C1A1EFD369800BCFB8E /* LaunchScreen.storyboard */,
				01D55C1D1EFD369800BCFB8E /* Info.plist */,
				016D6C9C1EFD5155001E5045 /* SemiVoteViewController.swift */,
			);
			path = "Electronic Voting";
			sourceTree = "<group>";
		};
/* End PBXGroup section */

/* Begin PBXNativeTarget section */
		01D55C0D1EFD369800BCFB8E /* Electronic Voting */ = {
			isa = PBXNativeTarget;
			buildConfigurationList = 01D55C201EFD369800BCFB8E /* Build configuration list for PBXNativeTarget "Electronic Voting" */;
			buildPhases = (
				01D55C0A1EFD369800BCFB8E /* Sources */,
				01D55C0B1EFD369800BCFB8E /* Frameworks */,
				01D55C0C1EFD369800BCFB8E /* Resources */,
			);
			buildRules = (
			);
			dependencies = (
			);
			name = "Electronic Voting";
			productName = "Electronic Voting";
			productReference = 01D55C0E1EFD369800BCFB8E /* Electronic Voting.app */;
			productType = "com.apple.product-type.application";
		};
/* End PBXNativeTarget section */

/* Begin PBXProject section */
		01D55C061EFD369800BCFB8E /* Project object */ = {
			isa = PBXProject;
			attributes = {
				LastSwiftUpdateCheck = 0830;
				LastUpgradeCheck = 0830;
				ORGANIZATIONNAME = minseo;
				TargetAttributes = {
					01D55C0D1EFD369800BCFB8E = {
						CreatedOnToolsVersion = 8.3.2;
						DevelopmentTeam = ZESNLFKEBA;
						ProvisioningStyle = Automatic;
					};
				};
			};
			buildConfigurationList = 01D55C091EFD369800BCFB8E /* Build configuration list for PBXProject "Electronic Voting" */;
			compatibilityVersion = "Xcode 3.2";
			developmentRegion = English;
			hasScannedForEncodings = 0;
			knownRegions = (
				en,
				Base,
			);
			mainGroup = 01D55C051EFD369800BCFB8E;
			productRefGroup = 01D55C0F1EFD369800BCFB8E /* Products */;
			projectDirPath = "";
			projectRoot = "";
			targets = (
				01D55C0D1EFD369800BCFB8E /* Electronic Voting */,
			);
		};
/* End PBXProject section */

/* Begin PBXResourcesBuildPhase section */
		01D55C0C1EFD369800BCFB8E /* Resources */ = {
			isa = PBXResourcesBuildPhase;
			buildActionMask = 2147483647;
			files = (
				01D55C1C1EFD369800BCFB8E /* LaunchScreen.storyboard in Resources */,
				01D55C241EFD37F200BCFB8E /* vote.jpg in Resources */,
				01D55C191EFD369800BCFB8E /* Assets.xcassets in Resources */,
				01D55C171EFD369800BCFB8E /* Main.storyboard in Resources */,
			);
			runOnlyForDeploymentPostprocessing = 0;
		};
/* End PBXResourcesBuildPhase section */

/* Begin PBXSourcesBuildPhase section */
		01D55C0A1EFD369800BCFB8E /* Sources */ = {
			isa = PBXSourcesBuildPhase;
			buildActionMask = 2147483647;
			files = (
				01D55C141EFD369800BCFB8E /* ViewController.swift in Sources */,
				01D55C121EFD369800BCFB8E /* AppDelegate.swift in Sources */,
				016D6C9D1EFD5155001E5045 /* SemiVoteViewController.swift in Sources */,
			);
			runOnlyForDeploymentPostprocessing = 0;
		};
/* End PBXSourcesBuildPhase section */

/* Begin PBXVariantGroup section */
		01D55C151EFD369800BCFB8E /* Main.storyboard */ = {
			isa = PBXVariantGroup;
			children = (
				01D55C161EFD369800BCFB8E /* Base */,
			);
			name = Main.storyboard;
			sourceTree = "<group>";
		};
		01D55C1A1EFD369800BCFB8E /* LaunchScreen.storyboard */ = {
			isa = PBXVariantGroup;
			children = (
				01D55C1B1EFD369800BCFB8E /* Base */,
			);
			name = LaunchScreen.storyboard;
			sourceTree = "<group>";
		};
/* End PBXVariantGroup section */

/* Begin XCBuildConfiguration section */
		01D55C1E1EFD369800BCFB8E /* Debug */ = {
			isa = XCBuildConfiguration;
			buildSettings = {
				ALWAYS_SEARCH_USER_PATHS = NO;
				CLANG_ANALYZER_NONNULL = YES;
				CLANG_ANALYZER_NUMBER_OBJECT_CONVERSION = YES_AGGRESSIVE;
				CLANG_CXX_LANGUAGE_STANDARD = "gnu++0x";
				CLANG_CXX_LIBRARY = "libc++";
				CLANG_ENABLE_MODULES = YES;
				CLANG_ENABLE_OBJC_ARC = YES;
				CLANG_WARN_BOOL_CONVERSION = YES;
				CLANG_WARN_CONSTANT_CONVERSION = YES;
				CLANG_WARN_DIRECT_OBJC_ISA_USAGE = YES_ERROR;
				CLANG_WARN_DOCUMENTATION_COMMENTS = YES;
				CLANG_WARN_EMPTY_BODY = YES;
				CLANG_WARN_ENUM_CONVERSION = YES;
				CLANG_WARN_INFINITE_RECURSION = YES;
				CLANG_WARN_INT_CONVERSION = YES;
				CLANG_WARN_OBJC_ROOT_CLASS = YES_ERROR;
				CLANG_WARN_SUSPICIOUS_MOVE = YES;
				CLANG_WARN_UNREACHABLE_CODE = YES;
				CLANG_WARN__DUPLICATE_METHOD_MATCH = YES;
				"CODE_SIGN_IDENTITY[sdk=iphoneos*]" = "iPhone Developer";
				COPY_PHASE_STRIP = NO;
				DEBUG_INFORMATION_FORMAT = dwarf;
				ENABLE_STRICT_OBJC_MSGSEND = YES;
				ENABLE_TESTABILITY = YES;
				GCC_C_LANGUAGE_STANDARD = gnu99;
				GCC_DYNAMIC_NO_PIC = NO;
				GCC_NO_COMMON_BLOCKS = YES;
				GCC_OPTIMIZATION_LEVEL = 0;
				GCC_PREPROCESSOR_DEFINITIONS = (
					"DEBUG=1",
					"$(inherited)",
				);
				GCC_WARN_64_TO_32_BIT_CONVERSION = YES;
				GCC_WARN_ABOUT_RETURN_TYPE = YES_ERROR;
				GCC_WARN_UNDECLARED_SELECTOR = YES;
				GCC_WARN_UNINITIALIZED_AUTOS = YES_AGGRESSIVE;
				GCC_WARN_UNUSED_FUNCTION = YES;
				GCC_WARN_UNUSED_VARIABLE = YES;
				IPHONEOS_DEPLOYMENT_TARGET = 10.3;
				MTL_ENABLE_DEBUG_INFO = YES;
				ONLY_ACTIVE_ARCH = YES;
				SDKROOT = iphoneos;
				SWIFT_ACTIVE_COMPILATION_CONDITIONS = DEBUG;
				SWIFT_OPTIMIZATION_LEVEL = "-Onone";
			};
			name = Debug;
		};
		01D55C1F1EFD369800BCFB8E /* Release */ = {
			isa = XCBuildConfiguration;
			buildSettings = {
				ALWAYS_SEARCH_USER_PATHS = NO;
				CLANG_ANALYZER_NONNULL = YES;
				CLANG_ANALYZER_NUMBER_OBJECT_CONVERSION = YES_AGGRESSIVE;
				CLANG_CXX_LANGUAGE_STANDARD = "gnu++0x";
				CLANG_CXX_LIBRARY = "libc++";
				CLANG_ENABLE_MODULES = YES;
				CLANG_ENABLE_OBJC_ARC = YES;
				CLANG_WARN_BOOL_CONVERSION = YES;
				CLANG_WARN_CONSTANT_CONVERSION = YES;
				CLANG_WARN_DIRECT_OBJC_ISA_USAGE = YES_ERROR;
				CLANG_WARN_DOCUMENTATION_COMMENTS = YES;
				CLANG_WARN_EMPTY_BODY = YES;
				CLANG_WARN_ENUM_CONVERSION = YES;
				CLANG_WARN_INFINITE_RECURSION = YES;
				CLANG_WARN_INT_CONVERSION = YES;
				CLANG_WARN_OBJC_ROOT_CLASS = YES_ERROR;
				CLANG_WARN_SUSPICIOUS_MOVE = YES;
				CLANG_WARN_UNREACHABLE_CODE = YES;
				CLANG_WARN__DUPLICATE_METHOD_MATCH = YES;
				"CODE_SIGN_IDENTITY[sdk=iphoneos*]" = "iPhone Developer";
				COPY_PHASE_STRIP = NO;
				DEBUG_INFORMATION_FORMAT = "dwarf-with-dsym";
				ENABLE_NS_ASSERTIONS = NO;
				ENABLE_STRICT_OBJC_MSGSEND = YES;
				GCC_C_LANGUAGE_STANDARD = gnu99;
				GCC_NO_COMMON_BLOCKS = YES;
				GCC_WARN_64_TO_32_BIT_CONVERSION = YES;
				GCC_WARN_ABOUT_RETURN_TYPE = YES_ERROR;
				GCC_WARN_UNDECLARED_SELECTOR = YES;
				GCC_WARN_UNINITIALIZED_AUTOS = YES_AGGRESSIVE;
				GCC_WARN_UNUSED_FUNCTION = YES;
				GCC_WARN_UNUSED_VARIABLE = YES;
				IPHONEOS_DEPLOYMENT_TARGET = 10.3;
				MTL_ENABLE_DEBUG_INFO = NO;
				SDKROOT = iphoneos;
				SWIFT_OPTIMIZATION_LEVEL = "-Owholemodule";
				VALIDATE_PRODUCT = YES;
			};
			name = Release;
		};
		01D55C211EFD369800BCFB8E /* Debug */ = {
			isa = XCBuildConfiguration;
			buildSettings = {
				ASSETCATALOG_COMPILER_APPICON_NAME = AppIcon;
				DEVELOPMENT_TEAM = ZESNLFKEBA;
				INFOPLIST_FILE = "Electronic Voting/Info.plist";
				LD_RUNPATH_SEARCH_PATHS = "$(inherited) @executable_path/Frameworks";
				PRODUCT_BUNDLE_IDENTIFIER = "com.minseo.Electronic-Voting";
				PRODUCT_NAME = "$(TARGET_NAME)";
				SWIFT_VERSION = 3.0;
			};
			name = Debug;
		};
		01D55C221EFD369800BCFB8E /* Release */ = {
			isa = XCBuildConfiguration;
			buildSettings = {
				ASSETCATALOG_COMPILER_APPICON_NAME = AppIcon;
				DEVELOPMENT_TEAM = ZESNLFKEBA;
				INFOPLIST_FILE = "Electronic Voting/Info.plist";
				LD_RUNPATH_SEARCH_PATHS = "$(inherited) @executable_path/Frameworks";
				PRODUCT_BUNDLE_IDENTIFIER = "com.minseo.Electronic-Voting";
				PRODUCT_NAME = "$(TARGET_NAME)";
				SWIFT_VERSION = 3.0;
			};
			name = Release;
		};
/* End XCBuildConfiguration section */

/* Begin XCConfigurationList section */
		01D55C091EFD369800BCFB8E /* Build configuration list for PBXProject "Electronic Voting" */ = {
			isa = XCConfigurationList;
			buildConfigurations = (
				01D55C1E1EFD369800BCFB8E /* Debug */,
				01D55C1F1EFD369800BCFB8E /* Release */,
			);
			defaultConfigurationIsVisible = 0;
			defaultConfigurationName = Release;
		};
		01D55C201EFD369800BCFB8E /* Build configuration list for PBXNativeTarget "Electronic Voting" */ = {
			isa = XCConfigurationList;
			buildConfigurations = (
				01D55C211EFD369800BCFB8E /* Debug */,
				01D55C221EFD369800BCFB8E /* Release */,
			);
			defaultConfigurationIsVisible = 0;
			defaultConfigurationName = Release;
		};
/* End XCConfigurationList section */
	};
	rootObject = 01D55C061EFD369800BCFB8E /* Project object */;
}
